
Microsoft Visual Studio Solution File, Format Version 12.00
# Visual Studio 15
VisualStudioVersion = 15.0.27130.2036
MinimumVisualStudioVersion = 10.0.40219.1
Project("{FAE04EC0-301F-11D3-BF4B-00C04F79EFBC}") = "AsposePdfTest", "AsposePdfTest\AsposePdfTest.csproj", "{B16ECB97-E005-4489-A071-7C872D092F3C}"
EndProject
Project("{FAE04EC0-301F-11D3-BF4B-00C04F79EFBC}") = "ITextTest.Web", "ITextTest.Web\ITextTest.Web.csproj", "{B3B07B40-71B7-4F5F-9959-2A123000A733}"
EndProject
Global
	GlobalSection(SolutionConfigurationPlatforms) = preSolution
		Debug|Any CPU = Debug|Any CPU
		Release|Any CPU = Release|Any CPU
	EndGlobalSection
	GlobalSection(ProjectConfigurationPlatforms) = postSolution
		{B16ECB97-E005-4489-A071-7C872D092F3C}.Debug|Any CPU.ActiveCfg = Debug|Any CPU
		{B16ECB97-E005-4489-A071-7C872D092F3C}.Debug|Any CPU.Build.0 = Debug|Any CPU
		{B16ECB97-E005-4489-A071-7C872D092F3C}.Release|Any CPU.ActiveCfg = Release|Any CPU
		{B16ECB97-E005-4489-A071-7C872D092F3C}.Release|Any CPU.Build.0 = Release|Any CPU
		{B3B07B40-71B7-4F5F-9959-2A123000A733}.Debug|Any CPU.ActiveCfg = Debug|Any CPU
		{B3B07B40-71B7-4F5F-9959-2A123000A733}.Debug|Any CPU.Build.0 = Debug|Any CPU
		{B3B07B40-71B7-4F5F-9959-2A123000A733}.Release|Any CPU.ActiveCfg = Release|Any CPU
		{B3B07B40-71B7-4F5F-9959-2A123000A733}.Release|Any CPU.Build.0 = Release|Any CPU
	EndGlobalSection
	GlobalSection(SolutionProperties) = preSolution
		HideSolutionNode = FALSE
	EndGlobalSection
	GlobalSection(ExtensibilityGlobals) = postSolution
		SolutionGuid = {0E84B184-842A-4418-831F-29346038C669}
	EndGlobalSection
EndGlobal
